
Microsoft Visual Studio Solution File, Format Version 11.00
# Visual Studio Version 17

Project("{8BC9CEB8-8B4A-11D0-8D11-00A0C91BC942}") = "DelayFX - Standalone Plugin", "DelayFX_StandalonePlugin.vcxproj", "{1179DACD-FD15-F918-88E1-2230BDD3B230}"
	ProjectSection(ProjectDependencies) = postProject
		{AB411CBF-EB2C-C025-E48C-79ACA468A45B} = {AB411CBF-EB2C-C025-E48C-79ACA468A45B}
	EndProjectSection
EndProject
Project("{8BC9CEB8-8B4A-11D0-8D11-00A0C91BC942}") = "DelayFX - VST3", "DelayFX_VST3.vcxproj", "{A7BA02D4-4B02-A595-32C2-10A760BEB5B3}"
	ProjectSection(ProjectDependencies) = postProject
		{AB411CBF-EB2C-C025-E48C-79ACA468A45B} = {AB411CBF-EB2C-C025-E48C-79ACA468A45B}
	EndProjectSection
EndProject
Project("{8BC9CEB8-8B4A-11D0-8D11-00A0C91BC942}") = "DelayFX - Shared Code", "DelayFX_SharedCode.vcxproj", "{AB411CBF-EB2C-C025-E48C-79ACA468A45B}"
EndProject
Global
	GlobalSection(SolutionConfigurationPlatforms) = preSolution
		Debug|x64 = Debug|x64
		Release|x64 = Release|x64
	EndGlobalSection
	GlobalSection(ProjectConfigurationPlatforms) = postSolution
		{A7BA02D4-4B02-A595-32C2-10A760BEB5B3}.Debug|x64.ActiveCfg = Debug|x64
		{A7BA02D4-4B02-A595-32C2-10A760BEB5B3}.Debug|x64.Build.0 = Debug|x64
		{A7BA02D4-4B02-A595-32C2-10A760BEB5B3}.Release|x64.ActiveCfg = Release|x64
		{A7BA02D4-4B02-A595-32C2-10A760BEB5B3}.Release|x64.Build.0 = Release|x64
		{1179DACD-FD15-F918-88E1-2230BDD3B230}.Debug|x64.ActiveCfg = Debug|x64
		{1179DACD-FD15-F918-88E1-2230BDD3B230}.Debug|x64.Build.0 = Debug|x64
		{1179DACD-FD15-F918-88E1-2230BDD3B230}.Release|x64.ActiveCfg = Release|x64
		{1179DACD-FD15-F918-88E1-2230BDD3B230}.Release|x64.Build.0 = Release|x64
		{AB411CBF-EB2C-C025-E48C-79ACA468A45B}.Debug|x64.ActiveCfg = Debug|x64
		{AB411CBF-EB2C-C025-E48C-79ACA468A45B}.Debug|x64.Build.0 = Debug|x64
		{AB411CBF-EB2C-C025-E48C-79ACA468A45B}.Release|x64.ActiveCfg = Release|x64
		{AB411CBF-EB2C-C025-E48C-79ACA468A45B}.Release|x64.Build.0 = Release|x64
	EndGlobalSection
	GlobalSection(SolutionProperties) = preSolution
		HideSolutionNode = FALSE
	EndGlobalSection
EndGlobal
